
Microsoft Visual Studio Solution File, Format Version 12.00
# Visual Studio Version 17
VisualStudioVersion = 17.0.31903.59
MinimumVisualStudioVersion = 10.0.40219.1
Project("{FAE04EC0-301F-11D3-BF4B-00C04F79EFBC}") = "Net.App.Todo.Api", "Net.App.Todo.Api\Net.App.Todo.Api.csproj", "{B152F52B-FED7-452A-82CB-F0C3EBB2CC65}"
EndProject
Project("{FAE04EC0-301F-11D3-BF4B-00C04F79EFBC}") = "Net.App.Todo.Models", "Net.App.Todo.Models\Net.App.Todo.Models.csproj", "{0225A18C-0F06-480E-916A-E4708306EB92}"
EndProject
Project("{FAE04EC0-301F-11D3-BF4B-00C04F79EFBC}") = "Net.App.Todo.Authentication", "Net.App.Todo.Authentication\Net.App.Todo.Authentication.csproj", "{B0AAE605-5DEE-4F20-81E0-0200C3571010}"
EndProject
Global
	GlobalSection(SolutionConfigurationPlatforms) = preSolution
		Debug|Any CPU = Debug|Any CPU
		Release|Any CPU = Release|Any CPU
	EndGlobalSection
	GlobalSection(SolutionProperties) = preSolution
		HideSolutionNode = FALSE
	EndGlobalSection
	GlobalSection(ProjectConfigurationPlatforms) = postSolution
		{B152F52B-FED7-452A-82CB-F0C3EBB2CC65}.Debug|Any CPU.ActiveCfg = Debug|Any CPU
		{B152F52B-FED7-452A-82CB-F0C3EBB2CC65}.Debug|Any CPU.Build.0 = Debug|Any CPU
		{B152F52B-FED7-452A-82CB-F0C3EBB2CC65}.Release|Any CPU.ActiveCfg = Release|Any CPU
		{B152F52B-FED7-452A-82CB-F0C3EBB2CC65}.Release|Any CPU.Build.0 = Release|Any CPU
		{0225A18C-0F06-480E-916A-E4708306EB92}.Debug|Any CPU.ActiveCfg = Debug|Any CPU
		{0225A18C-0F06-480E-916A-E4708306EB92}.Debug|Any CPU.Build.0 = Debug|Any CPU
		{0225A18C-0F06-480E-916A-E4708306EB92}.Release|Any CPU.ActiveCfg = Release|Any CPU
		{0225A18C-0F06-480E-916A-E4708306EB92}.Release|Any CPU.Build.0 = Release|Any CPU
		{B0AAE605-5DEE-4F20-81E0-0200C3571010}.Debug|Any CPU.ActiveCfg = Debug|Any CPU
		{B0AAE605-5DEE-4F20-81E0-0200C3571010}.Debug|Any CPU.Build.0 = Debug|Any CPU
		{B0AAE605-5DEE-4F20-81E0-0200C3571010}.Release|Any CPU.ActiveCfg = Release|Any CPU
		{B0AAE605-5DEE-4F20-81E0-0200C3571010}.Release|Any CPU.Build.0 = Release|Any CPU
	EndGlobalSection
EndGlobal
